
Microsoft Visual Studio Solution File, Format Version 12.00
# Visual Studio Version 17
VisualStudioVersion = 17.0.31903.59
MinimumVisualStudioVersion = 10.0.40219.1
Project("{FAE04EC0-301F-11D3-BF4B-00C04F79EFBC}") = "McController.Core", "McController.Core\McController.Core.csproj", "{B1C2D3E4-5678-4321-9876-FEDCBA987654}"
EndProject
Project("{FAE04EC0-301F-11D3-BF4B-00C04F79EFBC}") = "McController.Core.Tests", "McController.Core.Tests\McController.Core.Tests.csproj", "{AA2CDFE1-591C-4F29-8D85-41299B98197C}"
EndProject
Project("{FAE04EC0-301F-11D3-BF4B-00C04F79EFBC}") = "McController.App", "McController.App\McController.App.csproj", "{33011087-0528-49B5-99ED-FFC5A1526E33}"
EndProject
Project("{C7167F0D-BC9F-4E6E-AFE1-012C56B48DB5}") = "McController.Pkg", "McController.Pkg\McController.Pkg.wapproj", "{6F4D2E70-1A53-4D5E-9E1F-3F2F0B7A9C44}"
EndProject
Global
	GlobalSection(SolutionConfigurationPlatforms) = preSolution
		Debug|x64 = Debug|x64
		Release|x64 = Release|x64
	EndGlobalSection
	GlobalSection(SolutionProperties) = preSolution
		HideSolutionNode = FALSE
	EndGlobalSection
	GlobalSection(ProjectConfigurationPlatforms) = postSolution
		{B1C2D3E4-5678-4321-9876-FEDCBA987654}.Debug|x64.ActiveCfg = Debug|Any CPU
		{B1C2D3E4-5678-4321-9876-FEDCBA987654}.Debug|x64.Build.0 = Debug|Any CPU
		{B1C2D3E4-5678-4321-9876-FEDCBA987654}.Release|x64.ActiveCfg = Release|Any CPU
		{B1C2D3E4-5678-4321-9876-FEDCBA987654}.Release|x64.Build.0 = Release|Any CPU
		{AA2CDFE1-591C-4F29-8D85-41299B98197C}.Debug|x64.ActiveCfg = Debug|Any CPU
		{AA2CDFE1-591C-4F29-8D85-41299B98197C}.Debug|x64.Build.0 = Debug|Any CPU
		{AA2CDFE1-591C-4F29-8D85-41299B98197C}.Release|x64.ActiveCfg = Release|Any CPU
		{AA2CDFE1-591C-4F29-8D85-41299B98197C}.Release|x64.Build.0 = Release|Any CPU
		{33011087-0528-49B5-99ED-FFC5A1526E33}.Debug|x64.ActiveCfg = Debug|x64
		{33011087-0528-49B5-99ED-FFC5A1526E33}.Debug|x64.Build.0 = Debug|x64
		{33011087-0528-49B5-99ED-FFC5A1526E33}.Release|x64.ActiveCfg = Release|x64
		{33011087-0528-49B5-99ED-FFC5A1526E33}.Release|x64.Build.0 = Release|x64
		{6F4D2E70-1A53-4D5E-9E1F-3F2F0B7A9C44}.Debug|x64.ActiveCfg = Debug|x64
		{6F4D2E70-1A53-4D5E-9E1F-3F2F0B7A9C44}.Debug|x64.Build.0 = Debug|x64
		{6F4D2E70-1A53-4D5E-9E1F-3F2F0B7A9C44}.Debug|x64.Deploy.0 = Debug|x64
		{6F4D2E70-1A53-4D5E-9E1F-3F2F0B7A9C44}.Release|x64.ActiveCfg = Release|x64
		{6F4D2E70-1A53-4D5E-9E1F-3F2F0B7A9C44}.Release|x64.Build.0 = Release|x64
		{6F4D2E70-1A53-4D5E-9E1F-3F2F0B7A9C44}.Release|x64.Deploy.0 = Release|x64
	EndGlobalSection
EndGlobal
